
Microsoft Visual Studio Solution File, Format Version 12.00
# Visual Studio Version 16
VisualStudioVersion = 16.0.30011.22
MinimumVisualStudioVersion = 10.0.40219.1
Project("{9A19103F-16F7-4668-BE54-9A1E7A4F7556}") = "XpoPrism", "XpoPrism\XpoPrism\XpoPrism.csproj", "{4C71C835-F422-49EC-A561-BE794DDE1BD1}"
EndProject
Project("{FAE04EC0-301F-11D3-BF4B-00C04F79EFBC}") = "XpoPrism.Android", "XpoPrism\XpoPrism.Android\XpoPrism.Android.csproj", "{67FEE88F-444E-4890-AC71-AAB7EC847D7C}"
EndProject
Project("{FAE04EC0-301F-11D3-BF4B-00C04F79EFBC}") = "XpoPrism.iOS", "XpoPrism\XpoPrism.iOS\XpoPrism.iOS.csproj", "{1F93B1AE-75AF-42CF-B1A9-E8015DEDB920}"
EndProject
Project("{FAE04EC0-301F-11D3-BF4B-00C04F79EFBC}") = "XpoPrism.UWP", "XpoPrism\XpoPrism.UWP\XpoPrism.UWP.csproj", "{B4BC0B2B-735F-4DB3-9AE0-577A596026BE}"
EndProject
Project("{9A19103F-16F7-4668-BE54-9A1E7A4F7556}") = "BIT.Server", "MainServer\BIT.Server.csproj", "{833BAD1B-2745-4353-A3F0-B154B68E0ABF}"
EndProject
Project("{FAE04EC0-301F-11D3-BF4B-00C04F79EFBC}") = "XpoWebApiConsole", "XpoWebApiConsole\XpoWebApiConsole.csproj", "{A4E2B329-5D52-44A0-81BE-33B534953176}"
EndProject
Project("{FAE04EC0-301F-11D3-BF4B-00C04F79EFBC}") = "Orm", "Orm\Orm.csproj", "{07EC2EB4-C5EE-4EF2-A440-36ED2749B19D}"
EndProject
Global
	GlobalSection(SolutionConfigurationPlatforms) = preSolution
		Ad-Hoc|Any CPU = Ad-Hoc|Any CPU
		Ad-Hoc|ARM = Ad-Hoc|ARM
		Ad-Hoc|iPhone = Ad-Hoc|iPhone
		Ad-Hoc|iPhoneSimulator = Ad-Hoc|iPhoneSimulator
		Ad-Hoc|x64 = Ad-Hoc|x64
		Ad-Hoc|x86 = Ad-Hoc|x86
		AppStore|Any CPU = AppStore|Any CPU
		AppStore|ARM = AppStore|ARM
		AppStore|iPhone = AppStore|iPhone
		AppStore|iPhoneSimulator = AppStore|iPhoneSimulator
		AppStore|x64 = AppStore|x64
		AppStore|x86 = AppStore|x86
		Debug|Any CPU = Debug|Any CPU
		Debug|ARM = Debug|ARM
		Debug|iPhone = Debug|iPhone
		Debug|iPhoneSimulator = Debug|iPhoneSimulator
		Debug|x64 = Debug|x64
		Debug|x86 = Debug|x86
		Release|Any CPU = Release|Any CPU
		Release|ARM = Release|ARM
		Release|iPhone = Release|iPhone
		Release|iPhoneSimulator = Release|iPhoneSimulator
		Release|x64 = Release|x64
		Release|x86 = Release|x86
	EndGlobalSection
	GlobalSection(ProjectConfigurationPlatforms) = postSolution
		{4C71C835-F422-49EC-A561-BE794DDE1BD1}.Ad-Hoc|Any CPU.ActiveCfg = Debug|Any CPU
		{4C71C835-F422-49EC-A561-BE794DDE1BD1}.Ad-Hoc|Any CPU.Build.0 = Debug|Any CPU
		{4C71C835-F422-49EC-A561-BE794DDE1BD1}.Ad-Hoc|ARM.ActiveCfg = Debug|Any CPU
		{4C71C835-F422-49EC-A561-BE794DDE1BD1}.Ad-Hoc|ARM.Build.0 = Debug|Any CPU
		{4C71C835-F422-49EC-A561-BE794DDE1BD1}.Ad-Hoc|iPhone.ActiveCfg = Debug|Any CPU
		{4C71C835-F422-49EC-A561-BE794DDE1BD1}.Ad-Hoc|iPhone.Build.0 = Debug|Any CPU
		{4C71C835-F422-49EC-A561-BE794DDE1BD1}.Ad-Hoc|iPhoneSimulator.ActiveCfg = Debug|Any CPU
		{4C71C835-F422-49EC-A561-BE794DDE1BD1}.Ad-Hoc|iPhoneSimulator.Build.0 = Debug|Any CPU
		{4C71C835-F422-49EC-A561-BE794DDE1BD1}.Ad-Hoc|x64.ActiveCfg = Debug|Any CPU
		{4C71C835-F422-49EC-A561-BE794DDE1BD1}.Ad-Hoc|x64.Build.0 = Debug|Any CPU
		{4C71C835-F422-49EC-A561-BE794DDE1BD1}.Ad-Hoc|x86.ActiveCfg = Debug|Any CPU
		{4C71C835-F422-49EC-A561-BE794DDE1BD1}.Ad-Hoc|x86.Build.0 = Debug|Any CPU
		{4C71C835-F422-49EC-A561-BE794DDE1BD1}.AppStore|Any CPU.ActiveCfg = Debug|Any CPU
		{4C71C835-F422-49EC-A561-BE794DDE1BD1}.AppStore|Any CPU.Build.0 = Debug|Any CPU
		{4C71C835-F422-49EC-A561-BE794DDE1BD1}.AppStore|ARM.ActiveCfg = Debug|Any CPU
		{4C71C835-F422-49EC-A561-BE794DDE1BD1}.AppStore|ARM.Build.0 = Debug|Any CPU
		{4C71C835-F422-49EC-A561-BE794DDE1BD1}.AppStore|iPhone.ActiveCfg = Debug|Any CPU
		{4C71C835-F422-49EC-A561-BE794DDE1BD1}.AppStore|iPhone.Build.0 = Debug|Any CPU
		{4C71C835-F422-49EC-A561-BE794DDE1BD1}.AppStore|iPhoneSimulator.ActiveCfg = Debug|Any CPU
		{4C71C835-F422-49EC-A561-BE794DDE1BD1}.AppStore|iPhoneSimulator.Build.0 = Debug|Any CPU
		{4C71C835-F422-49EC-A561-BE794DDE1BD1}.AppStore|x64.ActiveCfg = Debug|Any CPU
		{4C71C835-F422-49EC-A561-BE794DDE1BD1}.AppStore|x64.Build.0 = Debug|Any CPU
		{4C71C835-F422-49EC-A561-BE794DDE1BD1}.AppStore|x86.ActiveCfg = Debug|Any CPU
		{4C71C835-F422-49EC-A561-BE794DDE1BD1}.AppStore|x86.Build.0 = Debug|Any CPU
		{4C71C835-F422-49EC-A561-BE794DDE1BD1}.Debug|Any CPU.ActiveCfg = Debug|Any CPU
		{4C71C835-F422-49EC-A561-BE794DDE1BD1}.Debug|Any CPU.Build.0 = Debug|Any CPU
		{4C71C835-F422-49EC-A561-BE794DDE1BD1}.Debug|ARM.ActiveCfg = Debug|Any CPU
		{4C71C835-F422-49EC-A561-BE794DDE1BD1}.Debug|ARM.Build.0 = Debug|Any CPU
		{4C71C835-F422-49EC-A561-BE794DDE1BD1}.Debug|iPhone.ActiveCfg = Debug|Any CPU
		{4C71C835-F422-49EC-A561-BE794DDE1BD1}.Debug|iPhone.Build.0 = Debug|Any CPU
		{4C71C835-F422-49EC-A561-BE794DDE1BD1}.Debug|iPhoneSimulator.ActiveCfg = Debug|Any CPU
		{4C71C835-F422-49EC-A561-BE794DDE1BD1}.Debug|iPhoneSimulator.Build.0 = Debug|Any CPU
		{4C71C835-F422-49EC-A561-BE794DDE1BD1}.Debug|x64.ActiveCfg = Debug|Any CPU
		{4C71C835-F422-49EC-A561-BE794DDE1BD1}.Debug|x64.Build.0 = Debug|Any CPU
		{4C71C835-F422-49EC-A561-BE794DDE1BD1}.Debug|x86.ActiveCfg = Debug|Any CPU
		{4C71C835-F422-49EC-A561-BE794DDE1BD1}.Debug|x86.Build.0 = Debug|Any CPU
		{4C71C835-F422-49EC-A561-BE794DDE1BD1}.Release|Any CPU.ActiveCfg = Release|Any CPU
		{4C71C835-F422-49EC-A561-BE794DDE1BD1}.Release|Any CPU.Build.0 = Release|Any CPU
		{4C71C835-F422-49EC-A561-BE794DDE1BD1}.Release|ARM.ActiveCfg = Release|Any CPU
		{4C71C835-F422-49EC-A561-BE794DDE1BD1}.Release|ARM.Build.0 = Release|Any CPU
		{4C71C835-F422-49EC-A561-BE794DDE1BD1}.Release|iPhone.ActiveCfg = Release|Any CPU
		{4C71C835-F422-49EC-A561-BE794DDE1BD1}.Release|iPhone.Build.0 = Release|Any CPU
		{4C71C835-F422-49EC-A561-BE794DDE1BD1}.Release|iPhoneSimulator.ActiveCfg = Release|Any CPU
		{4C71C835-F422-49EC-A561-BE794DDE1BD1}.Release|iPhoneSimulator.Build.0 = Release|Any CPU
		{4C71C835-F422-49EC-A561-BE794DDE1BD1}.Release|x64.ActiveCfg = Release|Any CPU
		{4C71C835-F422-49EC-A561-BE794DDE1BD1}.Release|x64.Build.0 = Release|Any CPU
		{4C71C835-F422-49EC-A561-BE794DDE1BD1}.Release|x86.ActiveCfg = Release|Any CPU
		{4C71C835-F422-49EC-A561-BE794DDE1BD1}.Release|x86.Build.0 = Release|Any CPU
		{67FEE88F-444E-4890-AC71-AAB7EC847D7C}.Ad-Hoc|Any CPU.ActiveCfg = Release|Any CPU
		{67FEE88F-444E-4890-AC71-AAB7EC847D7C}.Ad-Hoc|Any CPU.Build.0 = Release|Any CPU
		{67FEE88F-444E-4890-AC71-AAB7EC847D7C}.Ad-Hoc|Any CPU.Deploy.0 = Release|Any CPU
		{67FEE88F-444E-4890-AC71-AAB7EC847D7C}.Ad-Hoc|ARM.ActiveCfg = Release|Any CPU
		{67FEE88F-444E-4890-AC71-AAB7EC847D7C}.Ad-Hoc|ARM.Build.0 = Release|Any CPU
		{67FEE88F-444E-4890-AC71-AAB7EC847D7C}.Ad-Hoc|ARM.Deploy.0 = Release|Any CPU
		{67FEE88F-444E-4890-AC71-AAB7EC847D7C}.Ad-Hoc|iPhone.ActiveCfg = Release|Any CPU
		{67FEE88F-444E-4890-AC71-AAB7EC847D7C}.Ad-Hoc|iPhone.Build.0 = Release|Any CPU
		{67FEE88F-444E-4890-AC71-AAB7EC847D7C}.Ad-Hoc|iPhone.Deploy.0 = Release|Any CPU
		{67FEE88F-444E-4890-AC71-AAB7EC847D7C}.Ad-Hoc|iPhoneSimulator.ActiveCfg = Release|Any CPU
		{67FEE88F-444E-4890-AC71-AAB7EC847D7C}.Ad-Hoc|iPhoneSimulator.Build.0 = Release|Any CPU
		{67FEE88F-444E-4890-AC71-AAB7EC847D7C}.Ad-Hoc|iPhoneSimulator.Deploy.0 = Release|Any CPU
		{67FEE88F-444E-4890-AC71-AAB7EC847D7C}.Ad-Hoc|x64.ActiveCfg = Release|Any CPU
		{67FEE88F-444E-4890-AC71-AAB7EC847D7C}.Ad-Hoc|x64.Build.0 = Release|Any CPU
		{67FEE88F-444E-4890-AC71-AAB7EC847D7C}.Ad-Hoc|x64.Deploy.0 = Release|Any CPU
		{67FEE88F-444E-4890-AC71-AAB7EC847D7C}.Ad-Hoc|x86.ActiveCfg = Release|Any CPU
		{67FEE88F-444E-4890-AC71-AAB7EC847D7C}.Ad-Hoc|x86.Build.0 = Release|Any CPU
		{67FEE88F-444E-4890-AC71-AAB7EC847D7C}.Ad-Hoc|x86.Deploy.0 = Release|Any CPU
		{67FEE88F-444E-4890-AC71-AAB7EC847D7C}.AppStore|Any CPU.ActiveCfg = Release|Any CPU
		{67FEE88F-444E-4890-AC71-AAB7EC847D7C}.AppStore|Any CPU.Build.0 = Release|Any CPU
		{67FEE88F-444E-4890-AC71-AAB7EC847D7C}.AppStore|Any CPU.Deploy.0 = Release|Any CPU
		{67FEE88F-444E-4890-AC71-AAB7EC847D7C}.AppStore|ARM.ActiveCfg = Release|Any CPU
		{67FEE88F-444E-4890-AC71-AAB7EC847D7C}.AppStore|ARM.Build.0 = Release|Any CPU
		{67FEE88F-444E-4890-AC71-AAB7EC847D7C}.AppStore|ARM.Deploy.0 = Release|Any CPU
		{67FEE88F-444E-4890-AC71-AAB7EC847D7C}.AppStore|iPhone.ActiveCfg = Release|Any CPU
		{67FEE88F-444E-4890-AC71-AAB7EC847D7C}.AppStore|iPhone.Build.0 = Release|Any CPU
		{67FEE88F-444E-4890-AC71-AAB7EC847D7C}.AppStore|iPhone.Deploy.0 = Release|Any CPU
		{67FEE88F-444E-4890-AC71-AAB7EC847D7C}.AppStore|iPhoneSimulator.ActiveCfg = Release|Any CPU
		{67FEE88F-444E-4890-AC71-AAB7EC847D7C}.AppStore|iPhoneSimulator.Build.0 = Release|Any CPU
		{67FEE88F-444E-4890-AC71-AAB7EC847D7C}.AppStore|iPhoneSimulator.Deploy.0 = Release|Any CPU
		{67FEE88F-444E-4890-AC71-AAB7EC847D7C}.AppStore|x64.ActiveCfg = Release|Any CPU
		{67FEE88F-444E-4890-AC71-AAB7EC847D7C}.AppStore|x64.Build.0 = Release|Any CPU
		{67FEE88F-444E-4890-AC71-AAB7EC847D7C}.AppStore|x64.Deploy.0 = Release|Any CPU
		{67FEE88F-444E-4890-AC71-AAB7EC847D7C}.AppStore|x86.ActiveCfg = Release|Any CPU
		{67FEE88F-444E-4890-AC71-AAB7EC847D7C}.AppStore|x86.Build.0 = Release|Any CPU
		{67FEE88F-444E-4890-AC71-AAB7EC847D7C}.AppStore|x86.Deploy.0 = Release|Any CPU
		{67FEE88F-444E-4890-AC71-AAB7EC847D7C}.Debug|Any CPU.ActiveCfg = Debug|Any CPU
		{67FEE88F-444E-4890-AC71-AAB7EC847D7C}.Debug|Any CPU.Build.0 = Debug|Any CPU
		{67FEE88F-444E-4890-AC71-AAB7EC847D7C}.Debug|Any CPU.Deploy.0 = Debug|Any CPU
		{67FEE88F-444E-4890-AC71-AAB7EC847D7C}.Debug|ARM.ActiveCfg = Debug|Any CPU
		{67FEE88F-444E-4890-AC71-AAB7EC847D7C}.Debug|ARM.Build.0 = Debug|Any CPU
		{67FEE88F-444E-4890-AC71-AAB7EC847D7C}.Debug|ARM.Deploy.0 = Debug|Any CPU
		{67FEE88F-444E-4890-AC71-AAB7EC847D7C}.Debug|iPhone.ActiveCfg = Debug|Any CPU
		{67FEE88F-444E-4890-AC71-AAB7EC847D7C}.Debug|iPhone.Build.0 = Debug|Any CPU
		{67FEE88F-444E-4890-AC71-AAB7EC847D7C}.Debug|iPhone.Deploy.0 = Debug|Any CPU
		{67FEE88F-444E-4890-AC71-AAB7EC847D7C}.Debug|iPhoneSimulator.ActiveCfg = Debug|Any CPU
		{67FEE88F-444E-4890-AC71-AAB7EC847D7C}.Debug|iPhoneSimulator.Build.0 = Debug|Any CPU
		{67FEE88F-444E-4890-AC71-AAB7EC847D7C}.Debug|iPhoneSimulator.Deploy.0 = Debug|Any CPU
		{67FEE88F-444E-4890-AC71-AAB7EC847D7C}.Debug|x64.ActiveCfg = Debug|Any CPU
		{67FEE88F-444E-4890-AC71-AAB7EC847D7C}.Debug|x64.Build.0 = Debug|Any CPU
		{67FEE88F-444E-4890-AC71-AAB7EC847D7C}.Debug|x64.Deploy.0 = Debug|Any CPU
		{67FEE88F-444E-4890-AC71-AAB7EC847D7C}.Debug|x86.ActiveCfg = Debug|Any CPU
		{67FEE88F-444E-4890-AC71-AAB7EC847D7C}.Debug|x86.Build.0 = Debug|Any CPU
		{67FEE88F-444E-4890-AC71-AAB7EC847D7C}.Debug|x86.Deploy.0 = Debug|Any CPU
		{67FEE88F-444E-4890-AC71-AAB7EC847D7C}.Release|Any CPU.ActiveCfg = Release|Any CPU
		{67FEE88F-444E-4890-AC71-AAB7EC847D7C}.Release|Any CPU.Build.0 = Release|Any CPU
		{67FEE88F-444E-4890-AC71-AAB7EC847D7C}.Release|Any CPU.Deploy.0 = Release|Any CPU
		{67FEE88F-444E-4890-AC71-AAB7EC847D7C}.Release|ARM.ActiveCfg = Release|Any CPU
		{67FEE88F-444E-4890-AC71-AAB7EC847D7C}.Release|ARM.Build.0 = Release|Any CPU
		{67FEE88F-444E-4890-AC71-AAB7EC847D7C}.Release|ARM.Deploy.0 = Release|Any CPU
		{67FEE88F-444E-4890-AC71-AAB7EC847D7C}.Release|iPhone.ActiveCfg = Release|Any CPU
		{67FEE88F-444E-4890-AC71-AAB7EC847D7C}.Release|iPhone.Build.0 = Release|Any CPU
		{67FEE88F-444E-4890-AC71-AAB7EC847D7C}.Release|iPhone.Deploy.0 = Release|Any CPU
		{67FEE88F-444E-4890-AC71-AAB7EC847D7C}.Release|iPhoneSimulator.ActiveCfg = Release|Any CPU
		{67FEE88F-444E-4890-AC71-AAB7EC847D7C}.Release|iPhoneSimulator.Build.0 = Release|Any CPU
		{67FEE88F-444E-4890-AC71-AAB7EC847D7C}.Release|iPhoneSimulator.Deploy.0 = Release|Any CPU
		{67FEE88F-444E-4890-AC71-AAB7EC847D7C}.Release|x64.ActiveCfg = Release|Any CPU
		{67FEE88F-444E-4890-AC71-AAB7EC847D7C}.Release|x64.Build.0 = Release|Any CPU
		{67FEE88F-444E-4890-AC71-AAB7EC847D7C}.Release|x64.Deploy.0 = Release|Any CPU
		{67FEE88F-444E-4890-AC71-AAB7EC847D7C}.Release|x86.ActiveCfg = Release|Any CPU
		{67FEE88F-444E-4890-AC71-AAB7EC847D7C}.Release|x86.Build.0 = Release|Any CPU
		{67FEE88F-444E-4890-AC71-AAB7EC847D7C}.Release|x86.Deploy.0 = Release|Any CPU
		{1F93B1AE-75AF-42CF-B1A9-E8015DEDB920}.Ad-Hoc|Any CPU.ActiveCfg = Ad-Hoc|iPhone
		{1F93B1AE-75AF-42CF-B1A9-E8015DEDB920}.Ad-Hoc|ARM.ActiveCfg = Ad-Hoc|iPhone
		{1F93B1AE-75AF-42CF-B1A9-E8015DEDB920}.Ad-Hoc|iPhone.ActiveCfg = Ad-Hoc|iPhone
		{1F93B1AE-75AF-42CF-B1A9-E8015DEDB920}.Ad-Hoc|iPhone.Build.0 = Ad-Hoc|iPhone
		{1F93B1AE-75AF-42CF-B1A9-E8015DEDB920}.Ad-Hoc|iPhoneSimulator.ActiveCfg = Ad-Hoc|iPhoneSimulator
		{1F93B1AE-75AF-42CF-B1A9-E8015DEDB920}.Ad-Hoc|iPhoneSimulator.Build.0 = Ad-Hoc|iPhoneSimulator
		{1F93B1AE-75AF-42CF-B1A9-E8015DEDB920}.Ad-Hoc|x64.ActiveCfg = Ad-Hoc|iPhone
		{1F93B1AE-75AF-42CF-B1A9-E8015DEDB920}.Ad-Hoc|x86.ActiveCfg = Ad-Hoc|iPhone
		{1F93B1AE-75AF-42CF-B1A9-E8015DEDB920}.AppStore|Any CPU.ActiveCfg = AppStore|iPhone
		{1F93B1AE-75AF-42CF-B1A9-E8015DEDB920}.AppStore|ARM.ActiveCfg = AppStore|iPhone
		{1F93B1AE-75AF-42CF-B1A9-E8015DEDB920}.AppStore|iPhone.ActiveCfg = AppStore|iPhone
		{1F93B1AE-75AF-42CF-B1A9-E8015DEDB920}.AppStore|iPhone.Build.0 = AppStore|iPhone
		{1F93B1AE-75AF-42CF-B1A9-E8015DEDB920}.AppStore|iPhoneSimulator.ActiveCfg = AppStore|iPhoneSimulator
		{1F93B1AE-75AF-42CF-B1A9-E8015DEDB920}.AppStore|iPhoneSimulator.Build.0 = AppStore|iPhoneSimulator
		{1F93B1AE-75AF-42CF-B1A9-E8015DEDB920}.AppStore|x64.ActiveCfg = AppStore|iPhone
		{1F93B1AE-75AF-42CF-B1A9-E8015DEDB920}.AppStore|x86.ActiveCfg = AppStore|iPhone
		{1F93B1AE-75AF-42CF-B1A9-E8015DEDB920}.Debug|Any CPU.ActiveCfg = Debug|iPhone
		{1F93B1AE-75AF-42CF-B1A9-E8015DEDB920}.Debug|ARM.ActiveCfg = Debug|iPhone
		{1F93B1AE-75AF-42CF-B1A9-E8015DEDB920}.Debug|iPhone.ActiveCfg = Debug|iPhone
		{1F93B1AE-75AF-42CF-B1A9-E8015DEDB920}.Debug|iPhone.Build.0 = Debug|iPhone
		{1F93B1AE-75AF-42CF-B1A9-E8015DEDB920}.Debug|iPhoneSimulator.ActiveCfg = Debug|iPhoneSimulator
		{1F93B1AE-75AF-42CF-B1A9-E8015DEDB920}.Debug|iPhoneSimulator.Build.0 = Debug|iPhoneSimulator
		{1F93B1AE-75AF-42CF-B1A9-E8015DEDB920}.Debug|x64.ActiveCfg = Debug|iPhone
		{1F93B1AE-75AF-42CF-B1A9-E8015DEDB920}.Debug|x86.ActiveCfg = Debug|iPhone
		{1F93B1AE-75AF-42CF-B1A9-E8015DEDB920}.Release|Any CPU.ActiveCfg = Release|iPhone
		{1F93B1AE-75AF-42CF-B1A9-E8015DEDB920}.Release|ARM.ActiveCfg = Release|iPhone
		{1F93B1AE-75AF-42CF-B1A9-E8015DEDB920}.Release|iPhone.ActiveCfg = Release|iPhone
		{1F93B1AE-75AF-42CF-B1A9-E8015DEDB920}.Release|iPhone.Build.0 = Release|iPhone
		{1F93B1AE-75AF-42CF-B1A9-E8015DEDB920}.Release|iPhoneSimulator.ActiveCfg = Release|iPhoneSimulator
		{1F93B1AE-75AF-42CF-B1A9-E8015DEDB920}.Release|iPhoneSimulator.Build.0 = Release|iPhoneSimulator
		{1F93B1AE-75AF-42CF-B1A9-E8015DEDB920}.Release|x64.ActiveCfg = Release|iPhone
		{1F93B1AE-75AF-42CF-B1A9-E8015DEDB920}.Release|x86.ActiveCfg = Release|iPhone
		{B4BC0B2B-735F-4DB3-9AE0-577A596026BE}.Ad-Hoc|Any CPU.ActiveCfg = Release|x86
		{B4BC0B2B-735F-4DB3-9AE0-577A596026BE}.Ad-Hoc|Any CPU.Build.0 = Release|x86
		{B4BC0B2B-735F-4DB3-9AE0-577A596026BE}.Ad-Hoc|Any CPU.Deploy.0 = Release|x86
		{B4BC0B2B-735F-4DB3-9AE0-577A596026BE}.Ad-Hoc|ARM.ActiveCfg = Release|ARM
		{B4BC0B2B-735F-4DB3-9AE0-577A596026BE}.Ad-Hoc|ARM.Build.0 = Release|ARM
		{B4BC0B2B-735F-4DB3-9AE0-577A596026BE}.Ad-Hoc|ARM.Deploy.0 = Release|ARM
		{B4BC0B2B-735F-4DB3-9AE0-577A596026BE}.Ad-Hoc|iPhone.ActiveCfg = Release|x86
		{B4BC0B2B-735F-4DB3-9AE0-577A596026BE}.Ad-Hoc|iPhone.Build.0 = Release|x86
		{B4BC0B2B-735F-4DB3-9AE0-577A596026BE}.Ad-Hoc|iPhone.Deploy.0 = Release|x86
		{B4BC0B2B-735F-4DB3-9AE0-577A596026BE}.Ad-Hoc|iPhoneSimulator.ActiveCfg = Release|x86
		{B4BC0B2B-735F-4DB3-9AE0-577A596026BE}.Ad-Hoc|iPhoneSimulator.Build.0 = Release|x86
		{B4BC0B2B-735F-4DB3-9AE0-577A596026BE}.Ad-Hoc|iPhoneSimulator.Deploy.0 = Release|x86
		{B4BC0B2B-735F-4DB3-9AE0-577A596026BE}.Ad-Hoc|x64.ActiveCfg = Release|x64
		{B4BC0B2B-735F-4DB3-9AE0-577A596026BE}.Ad-Hoc|x64.Build.0 = Release|x64
		{B4BC0B2B-735F-4DB3-9AE0-577A596026BE}.Ad-Hoc|x64.Deploy.0 = Release|x64
		{B4BC0B2B-735F-4DB3-9AE0-577A596026BE}.Ad-Hoc|x86.ActiveCfg = Release|x86
		{B4BC0B2B-735F-4DB3-9AE0-577A596026BE}.Ad-Hoc|x86.Build.0 = Release|x86
		{B4BC0B2B-735F-4DB3-9AE0-577A596026BE}.Ad-Hoc|x86.Deploy.0 = Release|x86
		{B4BC0B2B-735F-4DB3-9AE0-577A596026BE}.AppStore|Any CPU.ActiveCfg = Release|x86
		{B4BC0B2B-735F-4DB3-9AE0-577A596026BE}.AppStore|Any CPU.Build.0 = Release|x86
		{B4BC0B2B-735F-4DB3-9AE0-577A596026BE}.AppStore|Any CPU.Deploy.0 = Release|x86
		{B4BC0B2B-735F-4DB3-9AE0-577A596026BE}.AppStore|ARM.ActiveCfg = Release|ARM
		{B4BC0B2B-735F-4DB3-9AE0-577A596026BE}.AppStore|ARM.Build.0 = Release|ARM
		{B4BC0B2B-735F-4DB3-9AE0-577A596026BE}.AppStore|ARM.Deploy.0 = Release|ARM
		{B4BC0B2B-735F-4DB3-9AE0-577A596026BE}.AppStore|iPhone.ActiveCfg = Release|x86
		{B4BC0B2B-735F-4DB3-9AE0-577A596026BE}.AppStore|iPhone.Build.0 = Release|x86
		{B4BC0B2B-735F-4DB3-9AE0-577A596026BE}.AppStore|iPhone.Deploy.0 = Release|x86
		{B4BC0B2B-735F-4DB3-9AE0-577A596026BE}.AppStore|iPhoneSimulator.ActiveCfg = Release|x86
		{B4BC0B2B-735F-4DB3-9AE0-577A596026BE}.AppStore|iPhoneSimulator.Build.0 = Release|x86
		{B4BC0B2B-735F-4DB3-9AE0-577A596026BE}.AppStore|iPhoneSimulator.Deploy.0 = Release|x86
		{B4BC0B2B-735F-4DB3-9AE0-577A596026BE}.AppStore|x64.ActiveCfg = Release|x64
		{B4BC0B2B-735F-4DB3-9AE0-577A596026BE}.AppStore|x64.Build.0 = Release|x64
		{B4BC0B2B-735F-4DB3-9AE0-577A596026BE}.AppStore|x64.Deploy.0 = Release|x64
		{B4BC0B2B-735F-4DB3-9AE0-577A596026BE}.AppStore|x86.ActiveCfg = Release|x86
		{B4BC0B2B-735F-4DB3-9AE0-577A596026BE}.AppStore|x86.Build.0 = Release|x86
		{B4BC0B2B-735F-4DB3-9AE0-577A596026BE}.AppStore|x86.Deploy.0 = Release|x86
		{B4BC0B2B-735F-4DB3-9AE0-577A596026BE}.Debug|Any CPU.ActiveCfg = Debug|x86
		{B4BC0B2B-735F-4DB3-9AE0-577A596026BE}.Debug|ARM.ActiveCfg = Debug|ARM
		{B4BC0B2B-735F-4DB3-9AE0-577A596026BE}.Debug|ARM.Build.0 = Debug|ARM
		{B4BC0B2B-735F-4DB3-9AE0-577A596026BE}.Debug|ARM.Deploy.0 = Debug|ARM
		{B4BC0B2B-735F-4DB3-9AE0-577A596026BE}.Debug|iPhone.ActiveCfg = Debug|x86
		{B4BC0B2B-735F-4DB3-9AE0-577A596026BE}.Debug|iPhoneSimulator.ActiveCfg = Debug|x86
		{B4BC0B2B-735F-4DB3-9AE0-577A596026BE}.Debug|x64.ActiveCfg = Debug|x64
		{B4BC0B2B-735F-4DB3-9AE0-577A596026BE}.Debug|x64.Build.0 = Debug|x64
		{B4BC0B2B-735F-4DB3-9AE0-577A596026BE}.Debug|x64.Deploy.0 = Debug|x64
		{B4BC0B2B-735F-4DB3-9AE0-577A596026BE}.Debug|x86.ActiveCfg = Debug|x86
		{B4BC0B2B-735F-4DB3-9AE0-577A596026BE}.Debug|x86.Build.0 = Debug|x86
		{B4BC0B2B-735F-4DB3-9AE0-577A596026BE}.Debug|x86.Deploy.0 = Debug|x86
		{B4BC0B2B-735F-4DB3-9AE0-577A596026BE}.Release|Any CPU.ActiveCfg = Release|x86
		{B4BC0B2B-735F-4DB3-9AE0-577A596026BE}.Release|ARM.ActiveCfg = Release|ARM
		{B4BC0B2B-735F-4DB3-9AE0-577A596026BE}.Release|ARM.Build.0 = Release|ARM
		{B4BC0B2B-735F-4DB3-9AE0-577A596026BE}.Release|ARM.Deploy.0 = Release|ARM
		{B4BC0B2B-735F-4DB3-9AE0-577A596026BE}.Release|iPhone.ActiveCfg = Release|x86
		{B4BC0B2B-735F-4DB3-9AE0-577A596026BE}.Release|iPhoneSimulator.ActiveCfg = Release|x86
		{B4BC0B2B-735F-4DB3-9AE0-577A596026BE}.Release|x64.ActiveCfg = Release|x64
		{B4BC0B2B-735F-4DB3-9AE0-577A596026BE}.Release|x64.Build.0 = Release|x64
		{B4BC0B2B-735F-4DB3-9AE0-577A596026BE}.Release|x64.Deploy.0 = Release|x64
		{B4BC0B2B-735F-4DB3-9AE0-577A596026BE}.Release|x86.ActiveCfg = Release|x86
		{B4BC0B2B-735F-4DB3-9AE0-577A596026BE}.Release|x86.Build.0 = Release|x86
		{B4BC0B2B-735F-4DB3-9AE0-577A596026BE}.Release|x86.Deploy.0 = Release|x86
		{833BAD1B-2745-4353-A3F0-B154B68E0ABF}.Ad-Hoc|Any CPU.ActiveCfg = Debug|Any CPU
		{833BAD1B-2745-4353-A3F0-B154B68E0ABF}.Ad-Hoc|Any CPU.Build.0 = Debug|Any CPU
		{833BAD1B-2745-4353-A3F0-B154B68E0ABF}.Ad-Hoc|ARM.ActiveCfg = Debug|Any CPU
		{833BAD1B-2745-4353-A3F0-B154B68E0ABF}.Ad-Hoc|ARM.Build.0 = Debug|Any CPU
		{833BAD1B-2745-4353-A3F0-B154B68E0ABF}.Ad-Hoc|iPhone.ActiveCfg = Debug|Any CPU
		{833BAD1B-2745-4353-A3F0-B154B68E0ABF}.Ad-Hoc|iPhone.Build.0 = Debug|Any CPU
		{833BAD1B-2745-4353-A3F0-B154B68E0ABF}.Ad-Hoc|iPhoneSimulator.ActiveCfg = Debug|Any CPU
		{833BAD1B-2745-4353-A3F0-B154B68E0ABF}.Ad-Hoc|iPhoneSimulator.Build.0 = Debug|Any CPU
		{833BAD1B-2745-4353-A3F0-B154B68E0ABF}.Ad-Hoc|x64.ActiveCfg = Debug|Any CPU
		{833BAD1B-2745-4353-A3F0-B154B68E0ABF}.Ad-Hoc|x64.Build.0 = Debug|Any CPU
		{833BAD1B-2745-4353-A3F0-B154B68E0ABF}.Ad-Hoc|x86.ActiveCfg = Debug|Any CPU
		{833BAD1B-2745-4353-A3F0-B154B68E0ABF}.Ad-Hoc|x86.Build.0 = Debug|Any CPU
		{833BAD1B-2745-4353-A3F0-B154B68E0ABF}.AppStore|Any CPU.ActiveCfg = Debug|Any CPU
		{833BAD1B-2745-4353-A3F0-B154B68E0ABF}.AppStore|Any CPU.Build.0 = Debug|Any CPU
		{833BAD1B-2745-4353-A3F0-B154B68E0ABF}.AppStore|ARM.ActiveCfg = Debug|Any CPU
		{833BAD1B-2745-4353-A3F0-B154B68E0ABF}.AppStore|ARM.Build.0 = Debug|Any CPU
		{833BAD1B-2745-4353-A3F0-B154B68E0ABF}.AppStore|iPhone.ActiveCfg = Debug|Any CPU
		{833BAD1B-2745-4353-A3F0-B154B68E0ABF}.AppStore|iPhone.Build.0 = Debug|Any CPU
		{833BAD1B-2745-4353-A3F0-B154B68E0ABF}.AppStore|iPhoneSimulator.ActiveCfg = Debug|Any CPU
		{833BAD1B-2745-4353-A3F0-B154B68E0ABF}.AppStore|iPhoneSimulator.Build.0 = Debug|Any CPU
		{833BAD1B-2745-4353-A3F0-B154B68E0ABF}.AppStore|x64.ActiveCfg = Debug|Any CPU
		{833BAD1B-2745-4353-A3F0-B154B68E0ABF}.AppStore|x64.Build.0 = Debug|Any CPU
		{833BAD1B-2745-4353-A3F0-B154B68E0ABF}.AppStore|x86.ActiveCfg = Debug|Any CPU
		{833BAD1B-2745-4353-A3F0-B154B68E0ABF}.AppStore|x86.Build.0 = Debug|Any CPU
		{833BAD1B-2745-4353-A3F0-B154B68E0ABF}.Debug|Any CPU.ActiveCfg = Debug|Any CPU
		{833BAD1B-2745-4353-A3F0-B154B68E0ABF}.Debug|Any CPU.Build.0 = Debug|Any CPU
		{833BAD1B-2745-4353-A3F0-B154B68E0ABF}.Debug|ARM.ActiveCfg = Debug|Any CPU
		{833BAD1B-2745-4353-A3F0-B154B68E0ABF}.Debug|ARM.Build.0 = Debug|Any CPU
		{833BAD1B-2745-4353-A3F0-B154B68E0ABF}.Debug|iPhone.ActiveCfg = Debug|Any CPU
		{833BAD1B-2745-4353-A3F0-B154B68E0ABF}.Debug|iPhone.Build.0 = Debug|Any CPU
		{833BAD1B-2745-4353-A3F0-B154B68E0ABF}.Debug|iPhoneSimulator.ActiveCfg = Debug|Any CPU
		{833BAD1B-2745-4353-A3F0-B154B68E0ABF}.Debug|iPhoneSimulator.Build.0 = Debug|Any CPU
		{833BAD1B-2745-4353-A3F0-B154B68E0ABF}.Debug|x64.ActiveCfg = Debug|Any CPU
		{833BAD1B-2745-4353-A3F0-B154B68E0ABF}.Debug|x64.Build.0 = Debug|Any CPU
		{833BAD1B-2745-4353-A3F0-B154B68E0ABF}.Debug|x86.ActiveCfg = Debug|Any CPU
		{833BAD1B-2745-4353-A3F0-B154B68E0ABF}.Debug|x86.Build.0 = Debug|Any CPU
		{833BAD1B-2745-4353-A3F0-B154B68E0ABF}.Release|Any CPU.ActiveCfg = Release|Any CPU
		{833BAD1B-2745-4353-A3F0-B154B68E0ABF}.Release|Any CPU.Build.0 = Release|Any CPU
		{833BAD1B-2745-4353-A3F0-B154B68E0ABF}.Release|ARM.ActiveCfg = Release|Any CPU
		{833BAD1B-2745-4353-A3F0-B154B68E0ABF}.Release|ARM.Build.0 = Release|Any CPU
		{833BAD1B-2745-4353-A3F0-B154B68E0ABF}.Release|iPhone.ActiveCfg = Release|Any CPU
		{833BAD1B-2745-4353-A3F0-B154B68E0ABF}.Release|iPhone.Build.0 = Release|Any CPU
		{833BAD1B-2745-4353-A3F0-B154B68E0ABF}.Release|iPhoneSimulator.ActiveCfg = Release|Any CPU
		{833BAD1B-2745-4353-A3F0-B154B68E0ABF}.Release|iPhoneSimulator.Build.0 = Release|Any CPU
		{833BAD1B-2745-4353-A3F0-B154B68E0ABF}.Release|x64.ActiveCfg = Release|Any CPU
		{833BAD1B-2745-4353-A3F0-B154B68E0ABF}.Release|x64.Build.0 = Release|Any CPU
		{833BAD1B-2745-4353-A3F0-B154B68E0ABF}.Release|x86.ActiveCfg = Release|Any CPU
		{833BAD1B-2745-4353-A3F0-B154B68E0ABF}.Release|x86.Build.0 = Release|Any CPU
		{A4E2B329-5D52-44A0-81BE-33B534953176}.Ad-Hoc|Any CPU.ActiveCfg = Debug|Any CPU
		{A4E2B329-5D52-44A0-81BE-33B534953176}.Ad-Hoc|Any CPU.Build.0 = Debug|Any CPU
		{A4E2B329-5D52-44A0-81BE-33B534953176}.Ad-Hoc|ARM.ActiveCfg = Debug|Any CPU
		{A4E2B329-5D52-44A0-81BE-33B534953176}.Ad-Hoc|ARM.Build.0 = Debug|Any CPU
		{A4E2B329-5D52-44A0-81BE-33B534953176}.Ad-Hoc|iPhone.ActiveCfg = Debug|Any CPU
		{A4E2B329-5D52-44A0-81BE-33B534953176}.Ad-Hoc|iPhone.Build.0 = Debug|Any CPU
		{A4E2B329-5D52-44A0-81BE-33B534953176}.Ad-Hoc|iPhoneSimulator.ActiveCfg = Debug|Any CPU
		{A4E2B329-5D52-44A0-81BE-33B534953176}.Ad-Hoc|iPhoneSimulator.Build.0 = Debug|Any CPU
		{A4E2B329-5D52-44A0-81BE-33B534953176}.Ad-Hoc|x64.ActiveCfg = Debug|Any CPU
		{A4E2B329-5D52-44A0-81BE-33B534953176}.Ad-Hoc|x64.Build.0 = Debug|Any CPU
		{A4E2B329-5D52-44A0-81BE-33B534953176}.Ad-Hoc|x86.ActiveCfg = Debug|Any CPU
		{A4E2B329-5D52-44A0-81BE-33B534953176}.Ad-Hoc|x86.Build.0 = Debug|Any CPU
		{A4E2B329-5D52-44A0-81BE-33B534953176}.AppStore|Any CPU.ActiveCfg = Debug|Any CPU
		{A4E2B329-5D52-44A0-81BE-33B534953176}.AppStore|Any CPU.Build.0 = Debug|Any CPU
		{A4E2B329-5D52-44A0-81BE-33B534953176}.AppStore|ARM.ActiveCfg = Debug|Any CPU
		{A4E2B329-5D52-44A0-81BE-33B534953176}.AppStore|ARM.Build.0 = Debug|Any CPU
		{A4E2B329-5D52-44A0-81BE-33B534953176}.AppStore|iPhone.ActiveCfg = Debug|Any CPU
		{A4E2B329-5D52-44A0-81BE-33B534953176}.AppStore|iPhone.Build.0 = Debug|Any CPU
		{A4E2B329-5D52-44A0-81BE-33B534953176}.AppStore|iPhoneSimulator.ActiveCfg = Debug|Any CPU
		{A4E2B329-5D52-44A0-81BE-33B534953176}.AppStore|iPhoneSimulator.Build.0 = Debug|Any CPU
		{A4E2B329-5D52-44A0-81BE-33B534953176}.AppStore|x64.ActiveCfg = Debug|Any CPU
		{A4E2B329-5D52-44A0-81BE-33B534953176}.AppStore|x64.Build.0 = Debug|Any CPU
		{A4E2B329-5D52-44A0-81BE-33B534953176}.AppStore|x86.ActiveCfg = Debug|Any CPU
		{A4E2B329-5D52-44A0-81BE-33B534953176}.AppStore|x86.Build.0 = Debug|Any CPU
		{A4E2B329-5D52-44A0-81BE-33B534953176}.Debug|Any CPU.ActiveCfg = Debug|Any CPU
		{A4E2B329-5D52-44A0-81BE-33B534953176}.Debug|Any CPU.Build.0 = Debug|Any CPU
		{A4E2B329-5D52-44A0-81BE-33B534953176}.Debug|ARM.ActiveCfg = Debug|Any CPU
		{A4E2B329-5D52-44A0-81BE-33B534953176}.Debug|ARM.Build.0 = Debug|Any CPU
		{A4E2B329-5D52-44A0-81BE-33B534953176}.Debug|iPhone.ActiveCfg = Debug|Any CPU
		{A4E2B329-5D52-44A0-81BE-33B534953176}.Debug|iPhone.Build.0 = Debug|Any CPU
		{A4E2B329-5D52-44A0-81BE-33B534953176}.Debug|iPhoneSimulator.ActiveCfg = Debug|Any CPU
		{A4E2B329-5D52-44A0-81BE-33B534953176}.Debug|iPhoneSimulator.Build.0 = Debug|Any CPU
		{A4E2B329-5D52-44A0-81BE-33B534953176}.Debug|x64.ActiveCfg = Debug|Any CPU
		{A4E2B329-5D52-44A0-81BE-33B534953176}.Debug|x64.Build.0 = Debug|Any CPU
		{A4E2B329-5D52-44A0-81BE-33B534953176}.Debug|x86.ActiveCfg = Debug|Any CPU
		{A4E2B329-5D52-44A0-81BE-33B534953176}.Debug|x86.Build.0 = Debug|Any CPU
		{A4E2B329-5D52-44A0-81BE-33B534953176}.Release|Any CPU.ActiveCfg = Release|Any CPU
		{A4E2B329-5D52-44A0-81BE-33B534953176}.Release|Any CPU.Build.0 = Release|Any CPU
		{A4E2B329-5D52-44A0-81BE-33B534953176}.Release|ARM.ActiveCfg = Release|Any CPU
		{A4E2B329-5D52-44A0-81BE-33B534953176}.Release|ARM.Build.0 = Release|Any CPU
		{A4E2B329-5D52-44A0-81BE-33B534953176}.Release|iPhone.ActiveCfg = Release|Any CPU
		{A4E2B329-5D52-44A0-81BE-33B534953176}.Release|iPhone.Build.0 = Release|Any CPU
		{A4E2B329-5D52-44A0-81BE-33B534953176}.Release|iPhoneSimulator.ActiveCfg = Release|Any CPU
		{A4E2B329-5D52-44A0-81BE-33B534953176}.Release|iPhoneSimulator.Build.0 = Release|Any CPU
		{A4E2B329-5D52-44A0-81BE-33B534953176}.Release|x64.ActiveCfg = Release|Any CPU
		{A4E2B329-5D52-44A0-81BE-33B534953176}.Release|x64.Build.0 = Release|Any CPU
		{A4E2B329-5D52-44A0-81BE-33B534953176}.Release|x86.ActiveCfg = Release|Any CPU
		{A4E2B329-5D52-44A0-81BE-33B534953176}.Release|x86.Build.0 = Release|Any CPU
		{07EC2EB4-C5EE-4EF2-A440-36ED2749B19D}.Ad-Hoc|Any CPU.ActiveCfg = Debug|Any CPU
		{07EC2EB4-C5EE-4EF2-A440-36ED2749B19D}.Ad-Hoc|Any CPU.Build.0 = Debug|Any CPU
		{07EC2EB4-C5EE-4EF2-A440-36ED2749B19D}.Ad-Hoc|ARM.ActiveCfg = Debug|Any CPU
		{07EC2EB4-C5EE-4EF2-A440-36ED2749B19D}.Ad-Hoc|ARM.Build.0 = Debug|Any CPU
		{07EC2EB4-C5EE-4EF2-A440-36ED2749B19D}.Ad-Hoc|iPhone.ActiveCfg = Debug|Any CPU
		{07EC2EB4-C5EE-4EF2-A440-36ED2749B19D}.Ad-Hoc|iPhone.Build.0 = Debug|Any CPU
		{07EC2EB4-C5EE-4EF2-A440-36ED2749B19D}.Ad-Hoc|iPhoneSimulator.ActiveCfg = Debug|Any CPU
		{07EC2EB4-C5EE-4EF2-A440-36ED2749B19D}.Ad-Hoc|iPhoneSimulator.Build.0 = Debug|Any CPU
		{07EC2EB4-C5EE-4EF2-A440-36ED2749B19D}.Ad-Hoc|x64.ActiveCfg = Debug|Any CPU
		{07EC2EB4-C5EE-4EF2-A440-36ED2749B19D}.Ad-Hoc|x64.Build.0 = Debug|Any CPU
		{07EC2EB4-C5EE-4EF2-A440-36ED2749B19D}.Ad-Hoc|x86.ActiveCfg = Debug|Any CPU
		{07EC2EB4-C5EE-4EF2-A440-36ED2749B19D}.Ad-Hoc|x86.Build.0 = Debug|Any CPU
		{07EC2EB4-C5EE-4EF2-A440-36ED2749B19D}.AppStore|Any CPU.ActiveCfg = Debug|Any CPU
		{07EC2EB4-C5EE-4EF2-A440-36ED2749B19D}.AppStore|Any CPU.Build.0 = Debug|Any CPU
		{07EC2EB4-C5EE-4EF2-A440-36ED2749B19D}.AppStore|ARM.ActiveCfg = Debug|Any CPU
		{07EC2EB4-C5EE-4EF2-A440-36ED2749B19D}.AppStore|ARM.Build.0 = Debug|Any CPU
		{07EC2EB4-C5EE-4EF2-A440-36ED2749B19D}.AppStore|iPhone.ActiveCfg = Debug|Any CPU
		{07EC2EB4-C5EE-4EF2-A440-36ED2749B19D}.AppStore|iPhone.Build.0 = Debug|Any CPU
		{07EC2EB4-C5EE-4EF2-A440-36ED2749B19D}.AppStore|iPhoneSimulator.ActiveCfg = Debug|Any CPU
		{07EC2EB4-C5EE-4EF2-A440-36ED2749B19D}.AppStore|iPhoneSimulator.Build.0 = Debug|Any CPU
		{07EC2EB4-C5EE-4EF2-A440-36ED2749B19D}.AppStore|x64.ActiveCfg = Debug|Any CPU
		{07EC2EB4-C5EE-4EF2-A440-36ED2749B19D}.AppStore|x64.Build.0 = Debug|Any CPU
		{07EC2EB4-C5EE-4EF2-A440-36ED2749B19D}.AppStore|x86.ActiveCfg = Debug|Any CPU
		{07EC2EB4-C5EE-4EF2-A440-36ED2749B19D}.AppStore|x86.Build.0 = Debug|Any CPU
		{07EC2EB4-C5EE-4EF2-A440-36ED2749B19D}.Debug|Any CPU.ActiveCfg = Debug|Any CPU
		{07EC2EB4-C5EE-4EF2-A440-36ED2749B19D}.Debug|Any CPU.Build.0 = Debug|Any CPU
		{07EC2EB4-C5EE-4EF2-A440-36ED2749B19D}.Debug|ARM.ActiveCfg = Debug|Any CPU
		{07EC2EB4-C5EE-4EF2-A440-36ED2749B19D}.Debug|ARM.Build.0 = Debug|Any CPU
		{07EC2EB4-C5EE-4EF2-A440-36ED2749B19D}.Debug|iPhone.ActiveCfg = Debug|Any CPU
		{07EC2EB4-C5EE-4EF2-A440-36ED2749B19D}.Debug|iPhone.Build.0 = Debug|Any CPU
		{07EC2EB4-C5EE-4EF2-A440-36ED2749B19D}.Debug|iPhoneSimulator.ActiveCfg = Debug|Any CPU
		{07EC2EB4-C5EE-4EF2-A440-36ED2749B19D}.Debug|iPhoneSimulator.Build.0 = Debug|Any CPU
		{07EC2EB4-C5EE-4EF2-A440-36ED2749B19D}.Debug|x64.ActiveCfg = Debug|Any CPU
		{07EC2EB4-C5EE-4EF2-A440-36ED2749B19D}.Debug|x64.Build.0 = Debug|Any CPU
		{07EC2EB4-C5EE-4EF2-A440-36ED2749B19D}.Debug|x86.ActiveCfg = Debug|Any CPU
		{07EC2EB4-C5EE-4EF2-A440-36ED2749B19D}.Debug|x86.Build.0 = Debug|Any CPU
		{07EC2EB4-C5EE-4EF2-A440-36ED2749B19D}.Release|Any CPU.ActiveCfg = Release|Any CPU
		{07EC2EB4-C5EE-4EF2-A440-36ED2749B19D}.Release|Any CPU.Build.0 = Release|Any CPU
		{07EC2EB4-C5EE-4EF2-A440-36ED2749B19D}.Release|ARM.ActiveCfg = Release|Any CPU
		{07EC2EB4-C5EE-4EF2-A440-36ED2749B19D}.Release|ARM.Build.0 = Release|Any CPU
		{07EC2EB4-C5EE-4EF2-A440-36ED2749B19D}.Release|iPhone.ActiveCfg = Release|Any CPU
		{07EC2EB4-C5EE-4EF2-A440-36ED2749B19D}.Release|iPhone.Build.0 = Release|Any CPU
		{07EC2EB4-C5EE-4EF2-A440-36ED2749B19D}.Release|iPhoneSimulator.ActiveCfg = Release|Any CPU
		{07EC2EB4-C5EE-4EF2-A440-36ED2749B19D}.Release|iPhoneSimulator.Build.0 = Release|Any CPU
		{07EC2EB4-C5EE-4EF2-A440-36ED2749B19D}.Release|x64.ActiveCfg = Release|Any CPU
		{07EC2EB4-C5EE-4EF2-A440-36ED2749B19D}.Release|x64.Build.0 = Release|Any CPU
		{07EC2EB4-C5EE-4EF2-A440-36ED2749B19D}.Release|x86.ActiveCfg = Release|Any CPU
		{07EC2EB4-C5EE-4EF2-A440-36ED2749B19D}.Release|x86.Build.0 = Release|Any CPU
	EndGlobalSection
	GlobalSection(SolutionProperties) = preSolution
		HideSolutionNode = FALSE
	EndGlobalSection
	GlobalSection(ExtensibilityGlobals) = postSolution
		SolutionGuid = {AD080427-05B4-4F70-906B-23B499012452}
	EndGlobalSection
EndGlobal
